Microsoft Visual Studio Solution File, Format Version 12.00
# Visual Studio Version 17
VisualStudioVersion = 17.5.2.0
MinimumVisualStudioVersion = 10.0.40219.1
Project("{FAE04EC0-301F-11D3-BF4B-00C04F79EFBC}") = "WarehouseManage", "backend\WarehouseManage.csproj", "{23B762B7-91CF-7EAB-C36D-0AC316500135}"
EndProject
Global
	GlobalSection(SolutionConfigurationPlatforms) = preSolution
		Debug|Any CPU = Debug|Any CPU
		Release|Any CPU = Release|Any CPU
	EndGlobalSection
	GlobalSection(ProjectConfigurationPlatforms) = postSolution
		{23B762B7-91CF-7EAB-C36D-0AC316500135}.Debug|Any CPU.ActiveCfg = Debug|Any CPU
		{23B762B7-91CF-7EAB-C36D-0AC316500135}.Debug|Any CPU.Build.0 = Debug|Any CPU
		{23B762B7-91CF-7EAB-C36D-0AC316500135}.Release|Any CPU.ActiveCfg = Release|Any CPU
		{23B762B7-91CF-7EAB-C36D-0AC316500135}.Release|Any CPU.Build.0 = Release|Any CPU
	EndGlobalSection
	GlobalSection(SolutionProperties) = preSolution
		HideSolutionNode = FALSE
	EndGlobalSection
	GlobalSection(ExtensibilityGlobals) = postSolution
		SolutionGuid = {9BF9CEA7-D785-4321-98D2-87D9CCB1B9A9}
	EndGlobalSection
EndGlobal
